
Microsoft Visual Studio Solution File, Format Version 12.00
#
Project("{FAE04EC0-301F-11D3-BF4B-00C04F79EFBC}") = "TraditionalWebAPI", "TraditionalWebAPI\TraditionalWebAPI.csproj", "{626AD192-F5D0-4AE1-AEEC-7B8FE40E927F}"
EndProject
Project("{FAE04EC0-301F-11D3-BF4B-00C04F79EFBC}") = "Models", "Models\Models.csproj", "{02A2B651-0B7C-498B-A671-80CF50EFC017}"
EndProject
Project("{2150E333-8FDC-42A3-9474-1A3956D46DE8}") = "1. Traditional Project", "1. Traditional Project", "{66D3DCED-78BD-4DB8-8C8D-3A5FA09543C6}"
EndProject
Project("{2150E333-8FDC-42A3-9474-1A3956D46DE8}") = "2. MediatR Project", "2. MediatR Project", "{48EF8D64-76E9-4E2A-9939-7D50C7E320B8}"
EndProject
Project("{FAE04EC0-301F-11D3-BF4B-00C04F79EFBC}") = "MediatRWebAPI", "MediatRWebAPI\MediatRWebAPI.csproj", "{40EC1455-176C-4B55-A550-E6F54AFD4491}"
EndProject
Project("{2150E333-8FDC-42A3-9474-1A3956D46DE8}") = "3. Mediator Project (no external deps)", "3. Mediator Project (no external deps)", "{892479C5-1CB2-4748-A910-89A57995D73C}"
EndProject
Project("{FAE04EC0-301F-11D3-BF4B-00C04F79EFBC}") = "HandRolledMediator", "HandRolledMediator\HandRolledMediator.csproj", "{3442E574-7406-4DD0-A28A-96534CE47310}"
EndProject
Project("{2150E333-8FDC-42A3-9474-1A3956D46DE8}") = "5. Functional Carter Project", "5. Functional Carter Project", "{345FCBAD-019D-4A9B-B7A3-05A536BECBA4}"
EndProject
Project("{FAE04EC0-301F-11D3-BF4B-00C04F79EFBC}") = "FunctionalCarterProject", "FunctionalCarterProject\FunctionalCarterProject.csproj", "{A511EF90-1484-45BA-8D8E-2BB733597A84}"
EndProject
Project("{2150E333-8FDC-42A3-9474-1A3956D46DE8}") = "src", "src", "{E2EE7155-DAB9-4A7F-9D2E-2A38ECCCC566}"
EndProject
Project("{2150E333-8FDC-42A3-9474-1A3956D46DE8}") = "tests", "tests", "{44C1DD68-1371-456C-9541-BCC3CEE8A2BE}"
EndProject
Project("{2150E333-8FDC-42A3-9474-1A3956D46DE8}") = "1. Traditional Project Tests", "1. Traditional Project Tests", "{DD7F5385-6594-4AF5-ADE9-ABC65C2A29BC}"
EndProject
Project("{FAE04EC0-301F-11D3-BF4B-00C04F79EFBC}") = "TraditionalWebAPI.Tests", "TraditionalWebAPI.Tests\TraditionalWebAPI.Tests.csproj", "{2974A21D-76F8-4248-BF01-E7B5BDA6A6FF}"
EndProject
Project("{2150E333-8FDC-42A3-9474-1A3956D46DE8}") = "2. MediatR Project Tests", "2. MediatR Project Tests", "{694570A7-D60F-4058-A86F-B146204891B7}"
EndProject
Project("{FAE04EC0-301F-11D3-BF4B-00C04F79EFBC}") = "MediatRWebAPI.Tests", "MediatRWebAPI.Tests\MediatRWebAPI.Tests.csproj", "{E9EA372B-B08D-4C2E-B78A-948810D79F02}"
EndProject
Project("{2150E333-8FDC-42A3-9474-1A3956D46DE8}") = "4. Functional Carter Project Tests", "4. Functional Carter Project Tests", "{F03EA84D-15EF-4E1D-8FBE-79FFC0FDC277}"
EndProject
Project("{FAE04EC0-301F-11D3-BF4B-00C04F79EFBC}") = "FunctionalCarterProjectTests", "FunctionalCarterProjectTests\FunctionalCarterProjectTests.csproj", "{0A4CAD93-00B1-4ED6-9C92-3DB4C4F8509A}"
EndProject
Project("{2150E333-8FDC-42A3-9474-1A3956D46DE8}") = "4. Functional Project", "4. Functional Project", "{FA6BC71B-8C97-477D-8391-1DB5BC4FD9EF}"
EndProject
Project("{FAE04EC0-301F-11D3-BF4B-00C04F79EFBC}") = "FunctionalProject", "FunctionalProject\FunctionalProject.csproj", "{B74551EE-9A45-4198-A745-7304029376B9}"
EndProject
Project("{2150E333-8FDC-42A3-9474-1A3956D46DE8}") = "3. Functional Project Tests", "3. Functional Project Tests", "{0EA3053A-0977-4915-AEEA-9B5510B25D00}"
EndProject
Project("{FAE04EC0-301F-11D3-BF4B-00C04F79EFBC}") = "FunctionalProjectTests", "FunctionalProjectTests\FunctionalProjectTests.csproj", "{69BEA771-2C21-4FDF-B68C-2531812AB003}"
EndProject
Global
	GlobalSection(SolutionConfigurationPlatforms) = preSolution
		Debug|Any CPU = Debug|Any CPU
		Release|Any CPU = Release|Any CPU
		Debug|x64 = Debug|x64
		Debug|x86 = Debug|x86
		Release|x64 = Release|x64
		Release|x86 = Release|x86
	EndGlobalSection
	GlobalSection(ProjectConfigurationPlatforms) = postSolution
		{626AD192-F5D0-4AE1-AEEC-7B8FE40E927F}.Debug|Any CPU.ActiveCfg = Debug|Any CPU
		{626AD192-F5D0-4AE1-AEEC-7B8FE40E927F}.Debug|Any CPU.Build.0 = Debug|Any CPU
		{626AD192-F5D0-4AE1-AEEC-7B8FE40E927F}.Release|Any CPU.ActiveCfg = Release|Any CPU
		{626AD192-F5D0-4AE1-AEEC-7B8FE40E927F}.Release|Any CPU.Build.0 = Release|Any CPU
		{02A2B651-0B7C-498B-A671-80CF50EFC017}.Debug|Any CPU.ActiveCfg = Debug|Any CPU
		{02A2B651-0B7C-498B-A671-80CF50EFC017}.Debug|Any CPU.Build.0 = Debug|Any CPU
		{02A2B651-0B7C-498B-A671-80CF50EFC017}.Release|Any CPU.ActiveCfg = Release|Any CPU
		{02A2B651-0B7C-498B-A671-80CF50EFC017}.Release|Any CPU.Build.0 = Release|Any CPU
		{40EC1455-176C-4B55-A550-E6F54AFD4491}.Debug|Any CPU.ActiveCfg = Debug|Any CPU
		{40EC1455-176C-4B55-A550-E6F54AFD4491}.Debug|Any CPU.Build.0 = Debug|Any CPU
		{40EC1455-176C-4B55-A550-E6F54AFD4491}.Release|Any CPU.ActiveCfg = Release|Any CPU
		{40EC1455-176C-4B55-A550-E6F54AFD4491}.Release|Any CPU.Build.0 = Release|Any CPU
		{3442E574-7406-4DD0-A28A-96534CE47310}.Debug|Any CPU.ActiveCfg = Debug|Any CPU
		{3442E574-7406-4DD0-A28A-96534CE47310}.Debug|Any CPU.Build.0 = Debug|Any CPU
		{3442E574-7406-4DD0-A28A-96534CE47310}.Debug|x64.ActiveCfg = Debug|x64
		{3442E574-7406-4DD0-A28A-96534CE47310}.Debug|x64.Build.0 = Debug|x64
		{3442E574-7406-4DD0-A28A-96534CE47310}.Debug|x86.ActiveCfg = Debug|x86
		{3442E574-7406-4DD0-A28A-96534CE47310}.Debug|x86.Build.0 = Debug|x86
		{3442E574-7406-4DD0-A28A-96534CE47310}.Release|Any CPU.ActiveCfg = Release|Any CPU
		{3442E574-7406-4DD0-A28A-96534CE47310}.Release|Any CPU.Build.0 = Release|Any CPU
		{3442E574-7406-4DD0-A28A-96534CE47310}.Release|x64.ActiveCfg = Release|x64
		{3442E574-7406-4DD0-A28A-96534CE47310}.Release|x64.Build.0 = Release|x64
		{3442E574-7406-4DD0-A28A-96534CE47310}.Release|x86.ActiveCfg = Release|x86
		{3442E574-7406-4DD0-A28A-96534CE47310}.Release|x86.Build.0 = Release|x86
		{A511EF90-1484-45BA-8D8E-2BB733597A84}.Debug|Any CPU.ActiveCfg = Debug|Any CPU
		{A511EF90-1484-45BA-8D8E-2BB733597A84}.Debug|Any CPU.Build.0 = Debug|Any CPU
		{A511EF90-1484-45BA-8D8E-2BB733597A84}.Release|Any CPU.ActiveCfg = Release|Any CPU
		{A511EF90-1484-45BA-8D8E-2BB733597A84}.Release|Any CPU.Build.0 = Release|Any CPU
		{A511EF90-1484-45BA-8D8E-2BB733597A84}.Debug|x64.ActiveCfg = Debug|Any CPU
		{A511EF90-1484-45BA-8D8E-2BB733597A84}.Debug|x64.Build.0 = Debug|Any CPU
		{A511EF90-1484-45BA-8D8E-2BB733597A84}.Debug|x86.ActiveCfg = Debug|Any CPU
		{A511EF90-1484-45BA-8D8E-2BB733597A84}.Debug|x86.Build.0 = Debug|Any CPU
		{A511EF90-1484-45BA-8D8E-2BB733597A84}.Release|x64.ActiveCfg = Release|Any CPU
		{A511EF90-1484-45BA-8D8E-2BB733597A84}.Release|x64.Build.0 = Release|Any CPU
		{A511EF90-1484-45BA-8D8E-2BB733597A84}.Release|x86.ActiveCfg = Release|Any CPU
		{A511EF90-1484-45BA-8D8E-2BB733597A84}.Release|x86.Build.0 = Release|Any CPU
		{2974A21D-76F8-4248-BF01-E7B5BDA6A6FF}.Debug|Any CPU.ActiveCfg = Debug|Any CPU
		{2974A21D-76F8-4248-BF01-E7B5BDA6A6FF}.Debug|Any CPU.Build.0 = Debug|Any CPU
		{2974A21D-76F8-4248-BF01-E7B5BDA6A6FF}.Release|Any CPU.ActiveCfg = Release|Any CPU
		{2974A21D-76F8-4248-BF01-E7B5BDA6A6FF}.Release|Any CPU.Build.0 = Release|Any CPU
		{2974A21D-76F8-4248-BF01-E7B5BDA6A6FF}.Debug|x64.ActiveCfg = Debug|Any CPU
		{2974A21D-76F8-4248-BF01-E7B5BDA6A6FF}.Debug|x64.Build.0 = Debug|Any CPU
		{2974A21D-76F8-4248-BF01-E7B5BDA6A6FF}.Debug|x86.ActiveCfg = Debug|Any CPU
		{2974A21D-76F8-4248-BF01-E7B5BDA6A6FF}.Debug|x86.Build.0 = Debug|Any CPU
		{2974A21D-76F8-4248-BF01-E7B5BDA6A6FF}.Release|x64.ActiveCfg = Release|Any CPU
		{2974A21D-76F8-4248-BF01-E7B5BDA6A6FF}.Release|x64.Build.0 = Release|Any CPU
		{2974A21D-76F8-4248-BF01-E7B5BDA6A6FF}.Release|x86.ActiveCfg = Release|Any CPU
		{2974A21D-76F8-4248-BF01-E7B5BDA6A6FF}.Release|x86.Build.0 = Release|Any CPU
		{E9EA372B-B08D-4C2E-B78A-948810D79F02}.Debug|Any CPU.ActiveCfg = Debug|Any CPU
		{E9EA372B-B08D-4C2E-B78A-948810D79F02}.Debug|Any CPU.Build.0 = Debug|Any CPU
		{E9EA372B-B08D-4C2E-B78A-948810D79F02}.Release|Any CPU.ActiveCfg = Release|Any CPU
		{E9EA372B-B08D-4C2E-B78A-948810D79F02}.Release|Any CPU.Build.0 = Release|Any CPU
		{E9EA372B-B08D-4C2E-B78A-948810D79F02}.Debug|x64.ActiveCfg = Debug|Any CPU
		{E9EA372B-B08D-4C2E-B78A-948810D79F02}.Debug|x64.Build.0 = Debug|Any CPU
		{E9EA372B-B08D-4C2E-B78A-948810D79F02}.Debug|x86.ActiveCfg = Debug|Any CPU
		{E9EA372B-B08D-4C2E-B78A-948810D79F02}.Debug|x86.Build.0 = Debug|Any CPU
		{E9EA372B-B08D-4C2E-B78A-948810D79F02}.Release|x64.ActiveCfg = Release|Any CPU
		{E9EA372B-B08D-4C2E-B78A-948810D79F02}.Release|x64.Build.0 = Release|Any CPU
		{E9EA372B-B08D-4C2E-B78A-948810D79F02}.Release|x86.ActiveCfg = Release|Any CPU
		{E9EA372B-B08D-4C2E-B78A-948810D79F02}.Release|x86.Build.0 = Release|Any CPU
		{0A4CAD93-00B1-4ED6-9C92-3DB4C4F8509A}.Debug|Any CPU.ActiveCfg = Debug|Any CPU
		{0A4CAD93-00B1-4ED6-9C92-3DB4C4F8509A}.Debug|Any CPU.Build.0 = Debug|Any CPU
		{0A4CAD93-00B1-4ED6-9C92-3DB4C4F8509A}.Release|Any CPU.ActiveCfg = Release|Any CPU
		{0A4CAD93-00B1-4ED6-9C92-3DB4C4F8509A}.Release|Any CPU.Build.0 = Release|Any CPU
		{0A4CAD93-00B1-4ED6-9C92-3DB4C4F8509A}.Debug|x64.ActiveCfg = Debug|Any CPU
		{0A4CAD93-00B1-4ED6-9C92-3DB4C4F8509A}.Debug|x64.Build.0 = Debug|Any CPU
		{0A4CAD93-00B1-4ED6-9C92-3DB4C4F8509A}.Debug|x86.ActiveCfg = Debug|Any CPU
		{0A4CAD93-00B1-4ED6-9C92-3DB4C4F8509A}.Debug|x86.Build.0 = Debug|Any CPU
		{0A4CAD93-00B1-4ED6-9C92-3DB4C4F8509A}.Release|x64.ActiveCfg = Release|Any CPU
		{0A4CAD93-00B1-4ED6-9C92-3DB4C4F8509A}.Release|x64.Build.0 = Release|Any CPU
		{0A4CAD93-00B1-4ED6-9C92-3DB4C4F8509A}.Release|x86.ActiveCfg = Release|Any CPU
		{0A4CAD93-00B1-4ED6-9C92-3DB4C4F8509A}.Release|x86.Build.0 = Release|Any CPU
		{B74551EE-9A45-4198-A745-7304029376B9}.Debug|Any CPU.ActiveCfg = Debug|Any CPU
		{B74551EE-9A45-4198-A745-7304029376B9}.Debug|Any CPU.Build.0 = Debug|Any CPU
		{B74551EE-9A45-4198-A745-7304029376B9}.Release|Any CPU.ActiveCfg = Release|Any CPU
		{B74551EE-9A45-4198-A745-7304029376B9}.Release|Any CPU.Build.0 = Release|Any CPU
		{B74551EE-9A45-4198-A745-7304029376B9}.Debug|x64.ActiveCfg = Debug|Any CPU
		{B74551EE-9A45-4198-A745-7304029376B9}.Debug|x64.Build.0 = Debug|Any CPU
		{B74551EE-9A45-4198-A745-7304029376B9}.Debug|x86.ActiveCfg = Debug|Any CPU
		{B74551EE-9A45-4198-A745-7304029376B9}.Debug|x86.Build.0 = Debug|Any CPU
		{B74551EE-9A45-4198-A745-7304029376B9}.Release|x64.ActiveCfg = Release|Any CPU
		{B74551EE-9A45-4198-A745-7304029376B9}.Release|x64.Build.0 = Release|Any CPU
		{B74551EE-9A45-4198-A745-7304029376B9}.Release|x86.ActiveCfg = Release|Any CPU
		{B74551EE-9A45-4198-A745-7304029376B9}.Release|x86.Build.0 = Release|Any CPU
		{69BEA771-2C21-4FDF-B68C-2531812AB003}.Debug|Any CPU.ActiveCfg = Debug|Any CPU
		{69BEA771-2C21-4FDF-B68C-2531812AB003}.Debug|Any CPU.Build.0 = Debug|Any CPU
		{69BEA771-2C21-4FDF-B68C-2531812AB003}.Release|Any CPU.ActiveCfg = Release|Any CPU
		{69BEA771-2C21-4FDF-B68C-2531812AB003}.Release|Any CPU.Build.0 = Release|Any CPU
		{69BEA771-2C21-4FDF-B68C-2531812AB003}.Debug|x64.ActiveCfg = Debug|Any CPU
		{69BEA771-2C21-4FDF-B68C-2531812AB003}.Debug|x64.Build.0 = Debug|Any CPU
		{69BEA771-2C21-4FDF-B68C-2531812AB003}.Debug|x86.ActiveCfg = Debug|Any CPU
		{69BEA771-2C21-4FDF-B68C-2531812AB003}.Debug|x86.Build.0 = Debug|Any CPU
		{69BEA771-2C21-4FDF-B68C-2531812AB003}.Release|x64.ActiveCfg = Release|Any CPU
		{69BEA771-2C21-4FDF-B68C-2531812AB003}.Release|x64.Build.0 = Release|Any CPU
		{69BEA771-2C21-4FDF-B68C-2531812AB003}.Release|x86.ActiveCfg = Release|Any CPU
		{69BEA771-2C21-4FDF-B68C-2531812AB003}.Release|x86.Build.0 = Release|Any CPU
	EndGlobalSection
	GlobalSection(NestedProjects) = preSolution
		{626AD192-F5D0-4AE1-AEEC-7B8FE40E927F} = {66D3DCED-78BD-4DB8-8C8D-3A5FA09543C6}
		{40EC1455-176C-4B55-A550-E6F54AFD4491} = {48EF8D64-76E9-4E2A-9939-7D50C7E320B8}
		{3442E574-7406-4DD0-A28A-96534CE47310} = {892479C5-1CB2-4748-A910-89A57995D73C}
		{A511EF90-1484-45BA-8D8E-2BB733597A84} = {345FCBAD-019D-4A9B-B7A3-05A536BECBA4}
		{345FCBAD-019D-4A9B-B7A3-05A536BECBA4} = {E2EE7155-DAB9-4A7F-9D2E-2A38ECCCC566}
		{892479C5-1CB2-4748-A910-89A57995D73C} = {E2EE7155-DAB9-4A7F-9D2E-2A38ECCCC566}
		{48EF8D64-76E9-4E2A-9939-7D50C7E320B8} = {E2EE7155-DAB9-4A7F-9D2E-2A38ECCCC566}
		{66D3DCED-78BD-4DB8-8C8D-3A5FA09543C6} = {E2EE7155-DAB9-4A7F-9D2E-2A38ECCCC566}
		{DD7F5385-6594-4AF5-ADE9-ABC65C2A29BC} = {44C1DD68-1371-456C-9541-BCC3CEE8A2BE}
		{2974A21D-76F8-4248-BF01-E7B5BDA6A6FF} = {DD7F5385-6594-4AF5-ADE9-ABC65C2A29BC}
		{694570A7-D60F-4058-A86F-B146204891B7} = {44C1DD68-1371-456C-9541-BCC3CEE8A2BE}
		{E9EA372B-B08D-4C2E-B78A-948810D79F02} = {694570A7-D60F-4058-A86F-B146204891B7}
		{F03EA84D-15EF-4E1D-8FBE-79FFC0FDC277} = {44C1DD68-1371-456C-9541-BCC3CEE8A2BE}
		{0A4CAD93-00B1-4ED6-9C92-3DB4C4F8509A} = {F03EA84D-15EF-4E1D-8FBE-79FFC0FDC277}
		{FA6BC71B-8C97-477D-8391-1DB5BC4FD9EF} = {E2EE7155-DAB9-4A7F-9D2E-2A38ECCCC566}
		{B74551EE-9A45-4198-A745-7304029376B9} = {FA6BC71B-8C97-477D-8391-1DB5BC4FD9EF}
		{0EA3053A-0977-4915-AEEA-9B5510B25D00} = {44C1DD68-1371-456C-9541-BCC3CEE8A2BE}
		{69BEA771-2C21-4FDF-B68C-2531812AB003} = {0EA3053A-0977-4915-AEEA-9B5510B25D00}
	EndGlobalSection
EndGlobal
